PODS:
  - device_info_plus (0.0.1):
    - Flutter
  - Flutter (1.0.0)
  - flutter_keychain (0.0.1):
    - Flutter
  - motor_flutter (0.5.4):
    - Flutter
    - motor_pod (~> 6.0.0)
  - motor_pod (6.0.0)
  - path_provider_ios (0.0.1):
    - Flutter

DEPENDENCIES:
  - device_info_plus (from `.symlinks/plugins/device_info_plus/ios`)
  - Flutter (from `Flutter`)
  - flutter_keychain (from `.symlinks/plugins/flutter_keychain/ios`)
  - motor_flutter (from `.symlinks/plugins/motor_flutter/ios`)
  - path_provider_ios (from `.symlinks/plugins/path_provider_ios/ios`)

SPEC REPOS:
  trunk:
    - motor_pod

EXTERNAL SOURCES:
  device_info_plus:
    :path: ".symlinks/plugins/device_info_plus/ios"
  Flutter:
    :path: Flutter
  flutter_keychain:
    :path: ".symlinks/plugins/flutter_keychain/ios"
  motor_flutter:
    :path: ".symlinks/plugins/motor_flutter/ios"
  path_provider_ios:
    :path: ".symlinks/plugins/path_provider_ios/ios"

SPEC CHECKSUMS:
  device_info_plus: e5c5da33f982a436e103237c0c85f9031142abed
  Flutter: f04841e97a9d0b0a8025694d0796dd46242b2854
  flutter_keychain: 01aabf894ffe8b01adfda1d9df21c210c1b4b452
  motor_flutter: e3a899116e347674bf00942333752274e2ad6411
  motor_pod: 8b96b40684f903024a1eabfa76b7f6d9e36f568f
  path_provider_ios: 14f3d2fd28c4fdb42f44e0f751d12861c43cee02

PODFILE CHECKSUM: d2c229b41aa567442ecc97be5a7d26e703824212

COCOAPODS: 1.11.3
